{
  "pins" : [
    {
      "identity" : "engine",
      "kind" : "remoteSourceControl",
      "location" : "https://github.com/nathantannar4/Engine",
      "state" : {
        "revision" : "2a30823516ab41795d36365454be1713cd31248a",
        "version" : "0.1.3"
      }
    },
    {
      "identity" : "turbocharger",
      "kind" : "remoteSourceControl",
      "location" : "https://github.com/nathantannar4/Turbocharger",
      "state" : {
        "revision" : "a50ccdb74ee186bb238e22cab3209186a46249de",
        "version" : "0.1.2"
      }
    }
  ],
  "version" : 2
}
