{
  "pins" : [
    {
      "identity" : "engine",
      "kind" : "remoteSourceControl",
      "location" : "https://github.com/nathantannar4/Engine",
      "state" : {
        "revision" : "71cf6da72f6cae7be6b2eccecfd6b629fbe30e94",
        "version" : "0.1.11"
      }
    },
    {
      "identity" : "turbocharger",
      "kind" : "remoteSourceControl",
      "location" : "https://github.com/nathantannar4/Turbocharger",
      "state" : {
        "revision" : "dc4984aa167bbe0cac779e9ef5fa65e51c699a2a",
        "version" : "0.1.8"
      }
    }
  ],
  "version" : 2
}
