{
  "pins" : [
    {
      "identity" : "engine",
      "kind" : "remoteSourceControl",
      "location" : "https://github.com/nathantannar4/Engine",
      "state" : {
        "revision" : "621c281aaf3bdc3e548677f0ca77a1cf64e772f6",
        "version" : "0.1.5"
      }
    },
    {
      "identity" : "turbocharger",
      "kind" : "remoteSourceControl",
      "location" : "https://github.com/nathantannar4/Turbocharger",
      "state" : {
        "revision" : "fba6c6b6d8acc6c33727d57280c639c26c020eab",
        "version" : "0.1.4"
      }
    }
  ],
  "version" : 2
}
